
Microsoft Visual Studio Solution File, Format Version 12.00
# Visual Studio Version 17
VisualStudioVersion = 17.3.32929.385
MinimumVisualStudioVersion = 10.0.40219.1
Project("{FAE04EC0-301F-11D3-BF4B-00C04F79EFBC}") = "SVGImporter", "SVGImporter.csproj", "{65F49F5D-B028-4B28-9565-35B8D71798E7}"
EndProject
Global
	GlobalSection(SolutionConfigurationPlatforms) = preSolution
		Debug|Any CPU = Debug|Any CPU
		Release|Any CPU = Release|Any CPU
	EndGlobalSection
	GlobalSection(ProjectConfigurationPlatforms) = postSolution
		{65F49F5D-B028-4B28-9565-35B8D71798E7}.Debug|Any CPU.ActiveCfg = Debug|Any CPU
		{65F49F5D-B028-4B28-9565-35B8D71798E7}.Debug|Any CPU.Build.0 = Debug|Any CPU
		{65F49F5D-B028-4B28-9565-35B8D71798E7}.Release|Any CPU.ActiveCfg = Release|Any CPU
		{65F49F5D-B028-4B28-9565-35B8D71798E7}.Release|Any CPU.Build.0 = Release|Any CPU
	EndGlobalSection
	GlobalSection(SolutionProperties) = preSolution
		HideSolutionNode = FALSE
	EndGlobalSection
	GlobalSection(ExtensibilityGlobals) = postSolution
		SolutionGuid = {D64A1D96-52BC-4FB1-B4EC-41C6BD66E7BA}
	EndGlobalSection
EndGlobal
